
Microsoft Visual Studio Solution File, Format Version 12.00
# Visual Studio Version 17
VisualStudioVersion = 17.3.32811.315
MinimumVisualStudioVersion = 10.0.40219.1
Project("{2150E333-8FDC-42A3-9474-1A3956D46DE8}") = "Solution Items", "Solution Items", "{3DA99C4E-89E3-4049-9C22-0A7EC60D83D8}"
	ProjectSection(SolutionItems) = preProject
		Directory.Packages.props = Directory.Packages.props
	EndProjectSection
EndProject
Project("{FAE04EC0-301F-11D3-BF4B-00C04F79EFBC}") = "PanAndZoomDemo", "samples\PanAndZoomDemo\PanAndZoomDemo.csproj", "{F34F8C63-5C14-4D67-B14F-5EB408232408}"
EndProject
Project("{FAE04EC0-301F-11D3-BF4B-00C04F79EFBC}") = "PanAndZoomDemo.Android", "samples\PanAndZoomDemo.Android\PanAndZoomDemo.Android.csproj", "{5CE7941F-C799-41E2-A19D-D8D6F67DC90A}"
EndProject
Project("{FAE04EC0-301F-11D3-BF4B-00C04F79EFBC}") = "PanAndZoomDemo.Desktop", "samples\PanAndZoomDemo.Desktop\PanAndZoomDemo.Desktop.csproj", "{33250FFA-D1AA-430F-9C24-F6F3A29F0120}"
EndProject
Project("{FAE04EC0-301F-11D3-BF4B-00C04F79EFBC}") = "PanAndZoomDemo.iOS", "samples\PanAndZoomDemo.iOS\PanAndZoomDemo.iOS.csproj", "{B2A73BF2-2BF2-4C5D-882E-CE54A51E27F4}"
EndProject
Project("{FAE04EC0-301F-11D3-BF4B-00C04F79EFBC}") = "PanAndZoomDemo.Browser", "samples\PanAndZoomDemo.Browser\PanAndZoomDemo.Browser.csproj", "{A3074BB8-B40F-460D-A73B-D8CF7C268F21}"
EndProject
Project("{FAE04EC0-301F-11D3-BF4B-00C04F79EFBC}") = "Avalonia.Controls.PanAndZoom", "src\Avalonia.Controls.PanAndZoom\Avalonia.Controls.PanAndZoom.csproj", "{EEE9885A-9B42-4D30-9203-45E059AA0F86}"
EndProject
Global
	GlobalSection(SolutionConfigurationPlatforms) = preSolution
		Debug|Any CPU = Debug|Any CPU
		Release|Any CPU = Release|Any CPU
	EndGlobalSection
	GlobalSection(ProjectConfigurationPlatforms) = postSolution
		{F34F8C63-5C14-4D67-B14F-5EB408232408}.Debug|Any CPU.ActiveCfg = Debug|Any CPU
		{F34F8C63-5C14-4D67-B14F-5EB408232408}.Debug|Any CPU.Build.0 = Debug|Any CPU
		{F34F8C63-5C14-4D67-B14F-5EB408232408}.Release|Any CPU.ActiveCfg = Release|Any CPU
		{F34F8C63-5C14-4D67-B14F-5EB408232408}.Release|Any CPU.Build.0 = Release|Any CPU
		{5CE7941F-C799-41E2-A19D-D8D6F67DC90A}.Debug|Any CPU.ActiveCfg = Debug|Any CPU
		{5CE7941F-C799-41E2-A19D-D8D6F67DC90A}.Debug|Any CPU.Build.0 = Debug|Any CPU
		{5CE7941F-C799-41E2-A19D-D8D6F67DC90A}.Release|Any CPU.ActiveCfg = Release|Any CPU
		{5CE7941F-C799-41E2-A19D-D8D6F67DC90A}.Release|Any CPU.Build.0 = Release|Any CPU
		{33250FFA-D1AA-430F-9C24-F6F3A29F0120}.Debug|Any CPU.ActiveCfg = Debug|Any CPU
		{33250FFA-D1AA-430F-9C24-F6F3A29F0120}.Debug|Any CPU.Build.0 = Debug|Any CPU
		{33250FFA-D1AA-430F-9C24-F6F3A29F0120}.Release|Any CPU.ActiveCfg = Release|Any CPU
		{33250FFA-D1AA-430F-9C24-F6F3A29F0120}.Release|Any CPU.Build.0 = Release|Any CPU
		{B2A73BF2-2BF2-4C5D-882E-CE54A51E27F4}.Debug|Any CPU.ActiveCfg = Debug|Any CPU
		{B2A73BF2-2BF2-4C5D-882E-CE54A51E27F4}.Debug|Any CPU.Build.0 = Debug|Any CPU
		{B2A73BF2-2BF2-4C5D-882E-CE54A51E27F4}.Release|Any CPU.ActiveCfg = Release|Any CPU
		{B2A73BF2-2BF2-4C5D-882E-CE54A51E27F4}.Release|Any CPU.Build.0 = Release|Any CPU
		{A3074BB8-B40F-460D-A73B-D8CF7C268F21}.Debug|Any CPU.ActiveCfg = Debug|Any CPU
		{A3074BB8-B40F-460D-A73B-D8CF7C268F21}.Debug|Any CPU.Build.0 = Debug|Any CPU
		{A3074BB8-B40F-460D-A73B-D8CF7C268F21}.Release|Any CPU.ActiveCfg = Release|Any CPU
		{A3074BB8-B40F-460D-A73B-D8CF7C268F21}.Release|Any CPU.Build.0 = Release|Any CPU
		{EEE9885A-9B42-4D30-9203-45E059AA0F86}.Debug|Any CPU.ActiveCfg = Debug|Any CPU
		{EEE9885A-9B42-4D30-9203-45E059AA0F86}.Debug|Any CPU.Build.0 = Debug|Any CPU
		{EEE9885A-9B42-4D30-9203-45E059AA0F86}.Release|Any CPU.ActiveCfg = Release|Any CPU
		{EEE9885A-9B42-4D30-9203-45E059AA0F86}.Release|Any CPU.Build.0 = Release|Any CPU
	EndGlobalSection
	GlobalSection(SolutionProperties) = preSolution
		HideSolutionNode = FALSE
	EndGlobalSection
	GlobalSection(ExtensibilityGlobals) = postSolution
		SolutionGuid = {83CB65B8-011F-4ED7-BCD3-A6CFA935EF7E}
	EndGlobalSection
EndGlobal
